<?xml version="1.0" encoding="utf-8"?>
<Project ToolsVersion="4.0" xmlns="http://schemas.microsoft.com/developer/msbuild/2003">
  <ItemGroup>
    <Filter Include="Source Files">
      <UniqueIdentifier>{4FC737F1-C7A5-4376-A066-2A32D752A2FF}</UniqueIdentifier>
      <Extensions>cpp;cxx;c;def</Extensions>
    </Filter>
    <Filter Include="Header Files">
      <UniqueIdentifier>{93995380-89BD-4b04-88EB-625FBE52EBFB}</UniqueIdentifier>
      <Extensions>h</Extensions>
    </Filter>
    <Filter Include="Resource Files">
      <UniqueIdentifier>{D9D6E242-F8AF-46E4-B9FD-80ECBC20BA3E}</UniqueIdentifier>
      <Extensions>qrc;*</Extensions>
      <ParseFiles>false</ParseFiles>
    </Filter>
    <Filter Include="Generated Files">
      <UniqueIdentifier>{71ED8ED8-ACB9-4CE9-BBE1-E00B30144E11}</UniqueIdentifier>
      <Extensions>moc;h;cpp</Extensions>
      <SourceControlFiles>False</SourceControlFiles>
    </Filter>
    <Filter Include="Generated Files\Debug">
      <UniqueIdentifier>{1c175aa4-0c30-4393-b02f-61e72ebdb2d4}</UniqueIdentifier>
      <Extensions>cpp;moc</Extensions>
      <SourceControlFiles>False</SourceControlFiles>
    </Filter>
    <Filter Include="Generated Files\Release">
      <UniqueIdentifier>{28ec85a9-a99d-44f1-a228-c971c8172930}</UniqueIdentifier>
      <Extensions>cpp;moc</Extensions>
      <SourceControlFiles>False</SourceControlFiles>
    </Filter>
    <Filter Include="Header Files\Ocean">
      <UniqueIdentifier>{9c05b3bb-cd49-4c49-80ca-3da51e70965e}</UniqueIdentifier>
    </Filter>
    <Filter Include="Source Files\Ocean">
      <UniqueIdentifier>{3eb3a331-e41e-499e-8661-415d75f8700e}</UniqueIdentifier>
    </Filter>
  </ItemGroup>
  <ItemGroup>
    <ClCompile Include="main.cpp">
      <Filter>Source Files</Filter>
    </ClCompile>
    <ClCompile Include="earthWidget.cpp">
      <Filter>Source Files</Filter>
    </ClCompile>
    <ClCompile Include="GeneratedFiles\Debug\moc_earthWidget.cpp">
      <Filter>Generated Files\Debug</Filter>
    </ClCompile>
    <ClCompile Include="GeneratedFiles\Release\moc_earthWidget.cpp">
      <Filter>Generated Files\Release</Filter>
    </ClCompile>
    <ClCompile Include="ctime.cpp">
      <Filter>Source Files</Filter>
    </ClCompile>
    <ClCompile Include="GeneratedFiles\Debug\moc_ctime.cpp">
      <Filter>Generated Files\Debug</Filter>
    </ClCompile>
    <ClCompile Include="GeneratedFiles\Release\moc_ctime.cpp">
      <Filter>Generated Files\Release</Filter>
    </ClCompile>
    <ClCompile Include="GeneratedFiles\Debug\moc_AdapterWidget.cpp">
      <Filter>Generated Files\Debug</Filter>
    </ClCompile>
    <ClCompile Include="GeneratedFiles\Release\moc_AdapterWidget.cpp">
      <Filter>Generated Files\Release</Filter>
    </ClCompile>
    <ClCompile Include="AdapterWidget.cpp">
      <Filter>Source Files</Filter>
    </ClCompile>
    <ClCompile Include="OsgTextNode.cpp">
      <Filter>Source Files</Filter>
    </ClCompile>
    <ClCompile Include="earthwnd.cpp">
      <Filter>Source Files</Filter>
    </ClCompile>
    <ClCompile Include="GeneratedFiles\Debug\moc_earthwnd.cpp">
      <Filter>Generated Files\Debug</Filter>
    </ClCompile>
    <ClCompile Include="GeneratedFiles\Release\moc_earthwnd.cpp">
      <Filter>Generated Files\Release</Filter>
    </ClCompile>
    <ClCompile Include="NodeMatrix.cpp">
      <Filter>Source Files</Filter>
    </ClCompile>
    <ClCompile Include="handleadapter.cpp">
      <Filter>Source Files</Filter>
    </ClCompile>
    <ClCompile Include="GeneratedFiles\Debug\moc_handleadapter.cpp">
      <Filter>Generated Files\Debug</Filter>
    </ClCompile>
    <ClCompile Include="GeneratedFiles\Release\moc_handleadapter.cpp">
      <Filter>Generated Files\Release</Filter>
    </ClCompile>
    <ClCompile Include="PickHandle.cpp">
      <Filter>Source Files</Filter>
    </ClCompile>
    <ClCompile Include="GeneratedFiles\Debug\moc_PickHandle.cpp">
      <Filter>Generated Files\Debug</Filter>
    </ClCompile>
    <ClCompile Include="GeneratedFiles\Release\moc_PickHandle.cpp">
      <Filter>Generated Files\Release</Filter>
    </ClCompile>
    <ClCompile Include="IGlobalCtrl.cpp">
      <Filter>Source Files</Filter>
    </ClCompile>
    <ClCompile Include="DrawLine.cpp">
      <Filter>Source Files</Filter>
    </ClCompile>
    <ClCompile Include="Common.cpp">
      <Filter>Source Files</Filter>
    </ClCompile>
    <ClCompile Include="GeneratedFiles\Debug\moc_graphicsview.cpp">
      <Filter>Generated Files\Debug</Filter>
    </ClCompile>
    <ClCompile Include="GeneratedFiles\Release\moc_graphicsview.cpp">
      <Filter>Generated Files\Release</Filter>
    </ClCompile>
    <ClCompile Include="GeneratedFiles\Debug\moc_OSGProfile.cpp">
      <Filter>Generated Files\Debug</Filter>
    </ClCompile>
    <ClCompile Include="GeneratedFiles\Release\moc_OSGProfile.cpp">
      <Filter>Generated Files\Release</Filter>
    </ClCompile>
    <ClCompile Include="Ocean\EventAdapter.cpp">
      <Filter>Source Files\Ocean</Filter>
    </ClCompile>
    <ClCompile Include="Ocean\graphicsview.cpp">
      <Filter>Source Files\Ocean</Filter>
    </ClCompile>
    <ClCompile Include="Ocean\OSGProfile.cpp">
      <Filter>Source Files\Ocean</Filter>
    </ClCompile>
    <ClCompile Include="Ocean\SkyDome.cpp">
      <Filter>Source Files\Ocean</Filter>
    </ClCompile>
    <ClCompile Include="Ocean\SphereSegment.cpp">
      <Filter>Source Files\Ocean</Filter>
    </ClCompile>
    <ClCompile Include="showInfoUpdate.cpp">
      <Filter>Source Files</Filter>
    </ClCompile>
  </ItemGroup>
  <ItemGroup>
    <ClInclude Include="TypeDef.h">
      <Filter>Header Files</Filter>
    </ClInclude>
    <ClInclude Include="OsgTextNode.h">
      <Filter>Header Files</Filter>
    </ClInclude>
    <ClInclude Include="Common.h">
      <Filter>Header Files</Filter>
    </ClInclude>
    <ClInclude Include="NodeMatrix.h">
      <Filter>Header Files</Filter>
    </ClInclude>
    <ClInclude Include="IGlobalCtrl.h">
      <Filter>Header Files</Filter>
    </ClInclude>
    <ClInclude Include="DrawLine.h">
      <Filter>Header Files</Filter>
    </ClInclude>
    <ClInclude Include="global.h">
      <Filter>Header Files</Filter>
    </ClInclude>
    <ClInclude Include="Ocean\EventAdapter.h">
      <Filter>Header Files\Ocean</Filter>
    </ClInclude>
    <ClInclude Include="Ocean\MyOSG.h">
      <Filter>Header Files\Ocean</Filter>
    </ClInclude>
    <ClInclude Include="Ocean\oceanThins.h">
      <Filter>Header Files\Ocean</Filter>
    </ClInclude>
    <ClInclude Include="Ocean\SkyDome.h">
      <Filter>Header Files\Ocean</Filter>
    </ClInclude>
    <ClInclude Include="Ocean\SphereSegment.h">
      <Filter>Header Files\Ocean</Filter>
    </ClInclude>
    <ClInclude Include="showInfoUpdate.h">
      <Filter>Header Files</Filter>
    </ClInclude>
  </ItemGroup>
  <ItemGroup>
    <CustomBuild Include="earthWidget.h">
      <Filter>Header Files</Filter>
    </CustomBuild>
    <CustomBuild Include="ctime.h">
      <Filter>Header Files</Filter>
    </CustomBuild>
    <CustomBuild Include="AdapterWidget.h">
      <Filter>Header Files</Filter>
    </CustomBuild>
    <CustomBuild Include="earthwnd.h">
      <Filter>Header Files</Filter>
    </CustomBuild>
    <CustomBuild Include="handleadapter.h">
      <Filter>Header Files</Filter>
    </CustomBuild>
    <CustomBuild Include="PickHandle.h">
      <Filter>Header Files</Filter>
    </CustomBuild>
    <CustomBuild Include="Ocean\graphicsview.h">
      <Filter>Header Files\Ocean</Filter>
    </CustomBuild>
    <CustomBuild Include="Ocean\OSGProfile.h">
      <Filter>Header Files\Ocean</Filter>
    </CustomBuild>
  </ItemGroup>
</Project>